// !$*UTF8*$!
{
	archiveVersion = 1;
	classes = {
	};
	objectVersion = 46;
	objects = {

/* Begin PBXBuildFile section */
		E190FE971E8709CB005BA6F7 /* AppDelegate.swift in Sources */ = {isa = PBXBuildFile; fileRef = E190FE961E8709CB005BA6F7 /* AppDelegate.swift */; };
		E190FE991E8709CB005BA6F7 /* ViewController.swift in Sources */ = {isa = PBXBuildFile; fileRef = E190FE981E8709CB005BA6F7 /* ViewController.swift */; };
		E190FE9C1E8709CB005BA6F7 /* Main.storyboard in Resources */ = {isa = PBXBuildFile; fileRef = E190FE9A1E8709CB005BA6F7 /* Main.storyboard */; };
		E190FE9E1E8709CB005BA6F7 /* Assets.xcassets in Resources */ = {isa = PBXBuildFile; fileRef = E190FE9D1E8709CB005BA6F7 /* Assets.xcassets */; };
		E190FEA11E8709CB005BA6F7 /* LaunchScreen.storyboard in Resources */ = {isa = PBXBuildFile; fileRef = E190FE9F1E8709CB005BA6F7 /* LaunchScreen.storyboard */; };
		E190FEAC1E8709CB005BA6F7 /* TripGuruTests.swift in Sources */ = {isa = PBXBuildFile; fileRef = E190FEAB1E8709CB005BA6F7 /* TripGuruTests.swift */; };
		E190FEB71E8709CB005BA6F7 /* TripGuruUITests.swift in Sources */ = {isa = PBXBuildFile; fileRef = E190FEB61E8709CB005BA6F7 /* TripGuruUITests.swift */; };
/* End PBXBuildFile section */

/* Begin PBXContainerItemProxy section */
		E190FEA81E8709CB005BA6F7 /* PBXContainerItemProxy */ = {
			isa = PBXContainerItemProxy;
			containerPortal = E190FE8B1E8709CA005BA6F7 /* Project object */;
			proxyType = 1;
			remoteGlobalIDString = E190FE921E8709CA005BA6F7;
			remoteInfo = TripGuru;
		};
		E190FEB31E8709CB005BA6F7 /* PBXContainerItemProxy */ = {
			isa = PBXContainerItemProxy;
			containerPortal = E190FE8B1E8709CA005BA6F7 /* Project object */;
			proxyType = 1;
			remoteGlobalIDString = E190FE921E8709CA005BA6F7;
			remoteInfo = TripGuru;
		};
/* End PBXContainerItemProxy section */

/* Begin PBXFileReference section */
		E190FE931E8709CB005BA6F7 /* TripGuru.app */ = {isa = PBXFileReference; explicitFileType = wrapper.application; includeInIndex = 0; path = TripGuru.app; sourceTree = BUILT_PRODUCTS_DIR; };
		E190FE961E8709CB005BA6F7 /* AppDelegate.swift */ = {isa = PBXFileReference; lastKnownFileType = sourcecode.swift; path = AppDelegate.swift; sourceTree = "<group>"; };
		E190FE981E8709CB005BA6F7 /* ViewController.swift */ = {isa = PBXFileReference; lastKnownFileType = sourcecode.swift; path = ViewController.swift; sourceTree = "<group>"; };
		E190FE9B1E8709CB005BA6F7 /* Base */ = {isa = PBXFileReference; lastKnownFileType = file.storyboard; name = Base; path = Base.lproj/Main.storyboard; sourceTree = "<group>"; };
		E190FE9D1E8709CB005BA6F7 /* Assets.xcassets */ = {isa = PBXFileReference; lastKnownFileType = folder.assetcatalog; path = Assets.xcassets; sourceTree = "<group>"; };
		E190FEA01E8709CB005BA6F7 /* Base */ = {isa = PBXFileReference; lastKnownFileType = file.storyboard; name = Base; path = Base.lproj/LaunchScreen.storyboard; sourceTree = "<group>"; };
		E190FEA21E8709CB005BA6F7 /* Info.plist */ = {isa = PBXFileReference; lastKnownFileType = text.plist.xml; path = Info.plist; sourceTree = "<group>"; };
		E190FEA71E8709CB005BA6F7 /* TripGuruTests.xctest */ = {isa = PBXFileReference; explicitFileType = wrapper.cfbundle; includeInIndex = 0; path = TripGuruTests.xctest; sourceTree = BUILT_PRODUCTS_DIR; };
		E190FEAB1E8709CB005BA6F7 /* TripGuruTests.swift */ = {isa = PBXFileReference; lastKnownFileType = sourcecode.swift; path = TripGuruTests.swift; sourceTree = "<group>"; };
		E190FEAD1E8709CB005BA6F7 /* Info.plist */ = {isa = PBXFileReference; lastKnownFileType = text.plist.xml; path = Info.plist; sourceTree = "<group>"; };
		E190FEB21E8709CB005BA6F7 /* TripGuruUITests.xctest */ = {isa = PBXFileReference; explicitFileType = wrapper.cfbundle; includeInIndex = 0; path = TripGuruUITests.xctest; sourceTree = BUILT_PRODUCTS_DIR; };
		E190FEB61E8709CB005BA6F7 /* TripGuruUITests.swift */ = {isa = PBXFileReference; lastKnownFileType = sourcecode.swift; path = TripGuruUITests.swift; sourceTree = "<group>"; };
		E190FEB81E8709CB005BA6F7 /* Info.plist */ = {isa = PBXFileReference; lastKnownFileType = text.plist.xml; path = Info.plist; sourceTree = "<group>"; };
/* End PBXFileReference section */

/* Begin PBXFrameworksBuildPhase section */
		E190FE901E8709CA005BA6F7 /* Frameworks */ = {
			isa = PBXFrameworksBuildPhase;
			buildActionMask = 2147483647;
			files = (
			);
			runOnlyForDeploymentPostprocessing = 0;
		};
		E190FEA41E8709CB005BA6F7 /* Frameworks */ = {
			isa = PBXFrameworksBuildPhase;
			buildActionMask = 2147483647;
			files = (
			);
			runOnlyForDeploymentPostprocessing = 0;
		};
		E190FEAF1E8709CB005BA6F7 /* Frameworks */ = {
			isa = PBXFrameworksBuildPhase;
			buildActionMask = 2147483647;
			files = (
			);
			runOnlyForDeploymentPostprocessing = 0;
		};
/* End PBXFrameworksBuildPhase section */

/* Begin PBXGroup section */
		E190FE8A1E8709CA005BA6F7 = {
			isa = PBXGroup;
			children = (
				E190FE951E8709CB005BA6F7 /* TripGuru */,
				E190FEAA1E8709CB005BA6F7 /* TripGuruTests */,
				E190FEB51E8709CB005BA6F7 /* TripGuruUITests */,
				E190FE941E8709CB005BA6F7 /* Products */,
			);
			sourceTree = "<group>";
		};
		E190FE941E8709CB005BA6F7 /* Products */ = {
			isa = PBXGroup;
			children = (
				E190FE931E8709CB005BA6F7 /* TripGuru.app */,
				E190FEA71E8709CB005BA6F7 /* TripGuruTests.xctest */,
				E190FEB21E8709CB005BA6F7 /* TripGuruUITests.xctest */,
			);
			name = Products;
			sourceTree = "<group>";
		};
		E190FE951E8709CB005BA6F7 /* TripGuru */ = {
			isa = PBXGroup;
			children = (
				E190FE961E8709CB005BA6F7 /* AppDelegate.swift */,
				E190FE981E8709CB005BA6F7 /* ViewController.swift */,
				E190FE9A1E8709CB005BA6F7 /* Main.storyboard */,
				E190FE9D1E8709CB005BA6F7 /* Assets.xcassets */,
				E190FE9F1E8709CB005BA6F7 /* LaunchScreen.storyboard */,
				E190FEA21E8709CB005BA6F7 /* Info.plist */,
			);
			path = TripGuru;
			sourceTree = "<group>";
		};
		E190FEAA1E8709CB005BA6F7 /* TripGuruTests */ = {
			isa = PBXGroup;
			children = (
				E190FEAB1E8709CB005BA6F7 /* TripGuruTests.swift */,
				E190FEAD1E8709CB005BA6F7 /* Info.plist */,
			);
			path = TripGuruTests;
			sourceTree = "<group>";
		};
		E190FEB51E8709CB005BA6F7 /* TripGuruUITests */ = {
			isa = PBXGroup;
			children = (
				E190FEB61E8709CB005BA6F7 /* TripGuruUITests.swift */,
				E190FEB81E8709CB005BA6F7 /* Info.plist */,
			);
			path = TripGuruUITests;
			sourceTree = "<group>";
		};
/* End PBXGroup section */

/* Begin PBXNativeTarget section */
		E190FE921E8709CA005BA6F7 /* TripGuru */ = {
			isa = PBXNativeTarget;
			buildConfigurationList = E190FEBB1E8709CB005BA6F7 /* Build configuration list for PBXNativeTarget "TripGuru" */;
			buildPhases = (
				E190FE8F1E8709CA005BA6F7 /* Sources */,
				E190FE901E8709CA005BA6F7 /* Frameworks */,
				E190FE911E8709CA005BA6F7 /* Resources */,
			);
			buildRules = (
			);
			dependencies = (
			);
			name = TripGuru;
			productName = TripGuru;
			productReference = E190FE931E8709CB005BA6F7 /* TripGuru.app */;
			productType = "com.apple.product-type.application";
		};
		E190FEA61E8709CB005BA6F7 /* TripGuruTests */ = {
			isa = PBXNativeTarget;
			buildConfigurationList = E190FEBE1E8709CB005BA6F7 /* Build configuration list for PBXNativeTarget "TripGuruTests" */;
			buildPhases = (
				E190FEA31E8709CB005BA6F7 /* Sources */,
				E190FEA41E8709CB005BA6F7 /* Frameworks */,
				E190FEA51E8709CB005BA6F7 /* Resources */,
			);
			buildRules = (
			);
			dependencies = (
				E190FEA91E8709CB005BA6F7 /* PBXTargetDependency */,
			);
			name = TripGuruTests;
			productName = TripGuruTests;
			productReference = E190FEA71E8709CB005BA6F7 /* TripGuruTests.xctest */;
			productType = "com.apple.product-type.bundle.unit-test";
		};
		E190FEB11E8709CB005BA6F7 /* TripGuruUITests */ = {
			isa = PBXNativeTarget;
			buildConfigurationList = E190FEC11E8709CB005BA6F7 /* Build configuration list for PBXNativeTarget "TripGuruUITests" */;
			buildPhases = (
				E190FEAE1E8709CB005BA6F7 /* Sources */,
				E190FEAF1E8709CB005BA6F7 /* Frameworks */,
				E190FEB01E8709CB005BA6F7 /* Resources */,
			);
			buildRules = (
			);
			dependencies = (
				E190FEB41E8709CB005BA6F7 /* PBXTargetDependency */,
			);
			name = TripGuruUITests;
			productName = TripGuruUITests;
			productReference = E190FEB21E8709CB005BA6F7 /* TripGuruUITests.xctest */;
			productType = "com.apple.product-type.bundle.ui-testing";
		};
/* End PBXNativeTarget section */

/* Begin PBXProject section */
		E190FE8B1E8709CA005BA6F7 /* Project object */ = {
			isa = PBXProject;
			attributes = {
				LastSwiftUpdateCheck = 0820;
				LastUpgradeCheck = 0820;
				ORGANIZATIONNAME = "Avinash Jain";
				TargetAttributes = {
					E190FE921E8709CA005BA6F7 = {
						CreatedOnToolsVersion = 8.2.1;
						DevelopmentTeam = 3V593WX43L;
						ProvisioningStyle = Automatic;
					};
					E190FEA61E8709CB005BA6F7 = {
						CreatedOnToolsVersion = 8.2.1;
						DevelopmentTeam = 3V593WX43L;
						ProvisioningStyle = Automatic;
						TestTargetID = E190FE921E8709CA005BA6F7;
					};
					E190FEB11E8709CB005BA6F7 = {
						CreatedOnToolsVersion = 8.2.1;
						DevelopmentTeam = 3V593WX43L;
						ProvisioningStyle = Automatic;
						TestTargetID = E190FE921E8709CA005BA6F7;
					};
				};
			};
			buildConfigurationList = E190FE8E1E8709CA005BA6F7 /* Build configuration list for PBXProject "TripGuru" */;
			compatibilityVersion = "Xcode 3.2";
			developmentRegion = English;
			hasScannedForEncodings = 0;
			knownRegions = (
				en,
				Base,
			);
			mainGroup = E190FE8A1E8709CA005BA6F7;
			productRefGroup = E190FE941E8709CB005BA6F7 /* Products */;
			projectDirPath = "";
			projectRoot = "";
			targets = (
				E190FE921E8709CA005BA6F7 /* TripGuru */,
				E190FEA61E8709CB005BA6F7 /* TripGuruTests */,
				E190FEB11E8709CB005BA6F7 /* TripGuruUITests */,
			);
		};
/* End PBXProject section */

/* Begin PBXResourcesBuildPhase section */
		E190FE911E8709CA005BA6F7 /* Resources */ = {
			isa = PBXResourcesBuildPhase;
			buildActionMask = 2147483647;
			files = (
				E190FEA11E8709CB005BA6F7 /* LaunchScreen.storyboard in Resources */,
				E190FE9E1E8709CB005BA6F7 /* Assets.xcassets in Resources */,
				E190FE9C1E8709CB005BA6F7 /* Main.storyboard in Resources */,
			);
			runOnlyForDeploymentPostprocessing = 0;
		};
		E190FEA51E8709CB005BA6F7 /* Resources */ = {
			isa = PBXResourcesBuildPhase;
			buildActionMask = 2147483647;
			files = (
			);
			runOnlyForDeploymentPostprocessing = 0;
		};
		E190FEB01E8709CB005BA6F7 /* Resources */ = {
			isa = PBXResourcesBuildPhase;
			buildActionMask = 2147483647;
			files = (
			);
			runOnlyForDeploymentPostprocessing = 0;
		};
/* End PBXResourcesBuildPhase section */

/* Begin PBXSourcesBuildPhase section */
		E190FE8F1E8709CA005BA6F7 /* Sources */ = {
			isa = PBXSourcesBuildPhase;
			buildActionMask = 2147483647;
			files = (
				E190FE991E8709CB005BA6F7 /* ViewController.swift in Sources */,
				E190FE971E8709CB005BA6F7 /* AppDelegate.swift in Sources */,
			);
			runOnlyForDeploymentPostprocessing = 0;
		};
		E190FEA31E8709CB005BA6F7 /* Sources */ = {
			isa = PBXSourcesBuildPhase;
			buildActionMask = 2147483647;
			files = (
				E190FEAC1E8709CB005BA6F7 /* TripGuruTests.swift in Sources */,
			);
			runOnlyForDeploymentPostprocessing = 0;
		};
		E190FEAE1E8709CB005BA6F7 /* Sources */ = {
			isa = PBXSourcesBuildPhase;
			buildActionMask = 2147483647;
			files = (
				E190FEB71E8709CB005BA6F7 /* TripGuruUITests.swift in Sources */,
			);
			runOnlyForDeploymentPostprocessing = 0;
		};
/* End PBXSourcesBuildPhase section */

/* Begin PBXTargetDependency section */
		E190FEA91E8709CB005BA6F7 /* PBXTargetDependency */ = {
			isa = PBXTargetDependency;
			target = E190FE921E8709CA005BA6F7 /* TripGuru */;
			targetProxy = E190FEA81E8709CB005BA6F7 /* PBXContainerItemProxy */;
		};
		E190FEB41E8709CB005BA6F7 /* PBXTargetDependency */ = {
			isa = PBXTargetDependency;
			target = E190FE921E8709CA005BA6F7 /* TripGuru */;
			targetProxy = E190FEB31E8709CB005BA6F7 /* PBXContainerItemProxy */;
		};
/* End PBXTargetDependency section */

/* Begin PBXVariantGroup section */
		E190FE9A1E8709CB005BA6F7 /* Main.storyboard */ = {
			isa = PBXVariantGroup;
			children = (
				E190FE9B1E8709CB005BA6F7 /* Base */,
			);
			name = Main.storyboard;
			sourceTree = "<group>";
		};
		E190FE9F1E8709CB005BA6F7 /* LaunchScreen.storyboard */ = {
			isa = PBXVariantGroup;
			children = (
				E190FEA01E8709CB005BA6F7 /* Base */,
			);
			name = LaunchScreen.storyboard;
			sourceTree = "<group>";
		};
/* End PBXVariantGroup section */

/* Begin XCBuildConfiguration section */
		E190FEB91E8709CB005BA6F7 /* Debug */ = {
			isa = XCBuildConfiguration;
			buildSettings = {
				ALWAYS_SEARCH_USER_PATHS = NO;
				CLANG_ANALYZER_NONNULL = YES;
				CLANG_CXX_LANGUAGE_STANDARD = "gnu++0x";
				CLANG_CXX_LIBRARY = "libc++";
				CLANG_ENABLE_MODULES = YES;
				CLANG_ENABLE_OBJC_ARC = YES;
				CLANG_WARN_BOOL_CONVERSION = YES;
				CLANG_WARN_CONSTANT_CONVERSION = YES;
				CLANG_WARN_DIRECT_OBJC_ISA_USAGE = YES_ERROR;
				CLANG_WARN_DOCUMENTATION_COMMENTS = YES;
				CLANG_WARN_EMPTY_BODY = YES;
				CLANG_WARN_ENUM_CONVERSION = YES;
				CLANG_WARN_INFINITE_RECURSION = YES;
				CLANG_WARN_INT_CONVERSION = YES;
				CLANG_WARN_OBJC_ROOT_CLASS = YES_ERROR;
				CLANG_WARN_SUSPICIOUS_MOVE = YES;
				CLANG_WARN_UNREACHABLE_CODE = YES;
				CLANG_WARN__DUPLICATE_METHOD_MATCH = YES;
				"CODE_SIGN_IDENTITY[sdk=iphoneos*]" = "iPhone Developer";
				COPY_PHASE_STRIP = NO;
				DEBUG_INFORMATION_FORMAT = dwarf;
				ENABLE_STRICT_OBJC_MSGSEND = YES;
				ENABLE_TESTABILITY = YES;
				GCC_C_LANGUAGE_STANDARD = gnu99;
				GCC_DYNAMIC_NO_PIC = NO;
				GCC_NO_COMMON_BLOCKS = YES;
				GCC_OPTIMIZATION_LEVEL = 0;
				GCC_PREPROCESSOR_DEFINITIONS = (
					"DEBUG=1",
					"$(inherited)",
				);
				GCC_WARN_64_TO_32_BIT_CONVERSION = YES;
				GCC_WARN_ABOUT_RETURN_TYPE = YES_ERROR;
				GCC_WARN_UNDECLARED_SELECTOR = YES;
				GCC_WARN_UNINITIALIZED_AUTOS = YES_AGGRESSIVE;
				GCC_WARN_UNUSED_FUNCTION = YES;
				GCC_WARN_UNUSED_VARIABLE = YES;
				IPHONEOS_DEPLOYMENT_TARGET = 10.2;
				MTL_ENABLE_DEBUG_INFO = YES;
				ONLY_ACTIVE_ARCH = YES;
				SDKROOT = iphoneos;
				SWIFT_ACTIVE_COMPILATION_CONDITIONS = DEBUG;
				SWIFT_OPTIMIZATION_LEVEL = "-Onone";
			};
			name = Debug;
		};
		E190FEBA1E8709CB005BA6F7 /* Release */ = {
			isa = XCBuildConfiguration;
			buildSettings = {
				ALWAYS_SEARCH_USER_PATHS = NO;
				CLANG_ANALYZER_NONNULL = YES;
				CLANG_CXX_LANGUAGE_STANDARD = "gnu++0x";
				CLANG_CXX_LIBRARY = "libc++";
				CLANG_ENABLE_MODULES = YES;
				CLANG_ENABLE_OBJC_ARC = YES;
				CLANG_WARN_BOOL_CONVERSION = YES;
				CLANG_WARN_CONSTANT_CONVERSION = YES;
				CLANG_WARN_DIRECT_OBJC_ISA_USAGE = YES_ERROR;
				CLANG_WARN_DOCUMENTATION_COMMENTS = YES;
				CLANG_WARN_EMPTY_BODY = YES;
				CLANG_WARN_ENUM_CONVERSION = YES;
				CLANG_WARN_INFINITE_RECURSION = YES;
				CLANG_WARN_INT_CONVERSION = YES;
				CLANG_WARN_OBJC_ROOT_CLASS = YES_ERROR;
				CLANG_WARN_SUSPICIOUS_MOVE = YES;
				CLANG_WARN_UNREACHABLE_CODE = YES;
				CLANG_WARN__DUPLICATE_METHOD_MATCH = YES;
				"CODE_SIGN_IDENTITY[sdk=iphoneos*]" = "iPhone Developer";
				COPY_PHASE_STRIP = NO;
				DEBUG_INFORMATION_FORMAT = "dwarf-with-dsym";
				ENABLE_NS_ASSERTIONS = NO;
				ENABLE_STRICT_OBJC_MSGSEND = YES;
				GCC_C_LANGUAGE_STANDARD = gnu99;
				GCC_NO_COMMON_BLOCKS = YES;
				GCC_WARN_64_TO_32_BIT_CONVERSION = YES;
				GCC_WARN_ABOUT_RETURN_TYPE = YES_ERROR;
				GCC_WARN_UNDECLARED_SELECTOR = YES;
				GCC_WARN_UNINITIALIZED_AUTOS = YES_AGGRESSIVE;
				GCC_WARN_UNUSED_FUNCTION = YES;
				GCC_WARN_UNUSED_VARIABLE = YES;
				IPHONEOS_DEPLOYMENT_TARGET = 10.2;
				MTL_ENABLE_DEBUG_INFO = NO;
				SDKROOT = iphoneos;
				SWIFT_OPTIMIZATION_LEVEL = "-Owholemodule";
				VALIDATE_PRODUCT = YES;
			};
			name = Release;
		};
		E190FEBC1E8709CB005BA6F7 /* Debug */ = {
			isa = XCBuildConfiguration;
			buildSettings = {
				ASSETCATALOG_COMPILER_APPICON_NAME = AppIcon;
				DEVELOPMENT_TEAM = 3V593WX43L;
				INFOPLIST_FILE = TripGuru/Info.plist;
				LD_RUNPATH_SEARCH_PATHS = "$(inherited) @executable_path/Frameworks";
				PRODUCT_BUNDLE_IDENTIFIER = HSHacks.TripGuru;
				PRODUCT_NAME = "$(TARGET_NAME)";
				SWIFT_VERSION = 3.0;
			};
			name = Debug;
		};
		E190FEBD1E8709CB005BA6F7 /* Release */ = {
			isa = XCBuildConfiguration;
			buildSettings = {
				ASSETCATALOG_COMPILER_APPICON_NAME = AppIcon;
				DEVELOPMENT_TEAM = 3V593WX43L;
				INFOPLIST_FILE = TripGuru/Info.plist;
				LD_RUNPATH_SEARCH_PATHS = "$(inherited) @executable_path/Frameworks";
				PRODUCT_BUNDLE_IDENTIFIER = HSHacks.TripGuru;
				PRODUCT_NAME = "$(TARGET_NAME)";
				SWIFT_VERSION = 3.0;
			};
			name = Release;
		};
		E190FEBF1E8709CB005BA6F7 /* Debug */ = {
			isa = XCBuildConfiguration;
			buildSettings = {
				ALWAYS_EMBED_SWIFT_STANDARD_LIBRARIES = YES;
				BUNDLE_LOADER = "$(TEST_HOST)";
				DEVELOPMENT_TEAM = 3V593WX43L;
				INFOPLIST_FILE = TripGuruTests/Info.plist;
				LD_RUNPATH_SEARCH_PATHS = "$(inherited) @executable_path/Frameworks @loader_path/Frameworks";
				PRODUCT_BUNDLE_IDENTIFIER = HSHacks.TripGuruTests;
				PRODUCT_NAME = "$(TARGET_NAME)";
				SWIFT_VERSION = 3.0;
				TEST_HOST = "$(BUILT_PRODUCTS_DIR)/TripGuru.app/TripGuru";
			};
			name = Debug;
		};
		E190FEC01E8709CB005BA6F7 /* Release */ = {
			isa = XCBuildConfiguration;
			buildSettings = {
				ALWAYS_EMBED_SWIFT_STANDARD_LIBRARIES = YES;
				BUNDLE_LOADER = "$(TEST_HOST)";
				DEVELOPMENT_TEAM = 3V593WX43L;
				INFOPLIST_FILE = TripGuruTests/Info.plist;
				LD_RUNPATH_SEARCH_PATHS = "$(inherited) @executable_path/Frameworks @loader_path/Frameworks";
				PRODUCT_BUNDLE_IDENTIFIER = HSHacks.TripGuruTests;
				PRODUCT_NAME = "$(TARGET_NAME)";
				SWIFT_VERSION = 3.0;
				TEST_HOST = "$(BUILT_PRODUCTS_DIR)/TripGuru.app/TripGuru";
			};
			name = Release;
		};
		E190FEC21E8709CB005BA6F7 /* Debug */ = {
			isa = XCBuildConfiguration;
			buildSettings = {
				ALWAYS_EMBED_SWIFT_STANDARD_LIBRARIES = YES;
				DEVELOPMENT_TEAM = 3V593WX43L;
				INFOPLIST_FILE = TripGuruUITests/Info.plist;
				LD_RUNPATH_SEARCH_PATHS = "$(inherited) @executable_path/Frameworks @loader_path/Frameworks";
				PRODUCT_BUNDLE_IDENTIFIER = HSHacks.TripGuruUITests;
				PRODUCT_NAME = "$(TARGET_NAME)";
				SWIFT_VERSION = 3.0;
				TEST_TARGET_NAME = TripGuru;
			};
			name = Debug;
		};
		E190FEC31E8709CB005BA6F7 /* Release */ = {
			isa = XCBuildConfiguration;
			buildSettings = {
				ALWAYS_EMBED_SWIFT_STANDARD_LIBRARIES = YES;
				DEVELOPMENT_TEAM = 3V593WX43L;
				INFOPLIST_FILE = TripGuruUITests/Info.plist;
				LD_RUNPATH_SEARCH_PATHS = "$(inherited) @executable_path/Frameworks @loader_path/Frameworks";
				PRODUCT_BUNDLE_IDENTIFIER = HSHacks.TripGuruUITests;
				PRODUCT_NAME = "$(TARGET_NAME)";
				SWIFT_VERSION = 3.0;
				TEST_TARGET_NAME = TripGuru;
			};
			name = Release;
		};
/* End XCBuildConfiguration section */

/* Begin XCConfigurationList section */
		E190FE8E1E8709CA005BA6F7 /* Build configuration list for PBXProject "TripGuru" */ = {
			isa = XCConfigurationList;
			buildConfigurations = (
				E190FEB91E8709CB005BA6F7 /* Debug */,
				E190FEBA1E8709CB005BA6F7 /* Release */,
			);
			defaultConfigurationIsVisible = 0;
			defaultConfigurationName = Release;
		};
		E190FEBB1E8709CB005BA6F7 /* Build configuration list for PBXNativeTarget "TripGuru" */ = {
			isa = XCConfigurationList;
			buildConfigurations = (
				E190FEBC1E8709CB005BA6F7 /* Debug */,
				E190FEBD1E8709CB005BA6F7 /* Release */,
			);
			defaultConfigurationIsVisible = 0;
		};
		E190FEBE1E8709CB005BA6F7 /* Build configuration list for PBXNativeTarget "TripGuruTests" */ = {
			isa = XCConfigurationList;
			buildConfigurations = (
				E190FEBF1E8709CB005BA6F7 /* Debug */,
				E190FEC01E8709CB005BA6F7 /* Release */,
			);
			defaultConfigurationIsVisible = 0;
		};
		E190FEC11E8709CB005BA6F7 /* Build configuration list for PBXNativeTarget "TripGuruUITests" */ = {
			isa = XCConfigurationList;
			buildConfigurations = (
				E190FEC21E8709CB005BA6F7 /* Debug */,
				E190FEC31E8709CB005BA6F7 /* Release */,
			);
			defaultConfigurationIsVisible = 0;
		};
/* End XCConfigurationList section */
	};
	rootObject = E190FE8B1E8709CA005BA6F7 /* Project object */;
}
